
Microsoft Visual Studio Solution File, Format Version 12.00
# Visual Studio 2012
Project("{8BC9CEB8-8B4A-11D0-8D11-00A0C91BC942}") = "KNOH", "KNOH\KNOH.vcxproj", "{BBA9FB93-BBA5-4C07-A74B-3E9F99E92241}"
EndProject
Global
	GlobalSection(SolutionConfigurationPlatforms) = preSolution
		Debug|Win32 = Debug|Win32
		Release|Win32 = Release|Win32
	EndGlobalSection
	GlobalSection(ProjectConfigurationPlatforms) = postSolution
		{BBA9FB93-BBA5-4C07-A74B-3E9F99E92241}.Debug|Win32.ActiveCfg = Debug|Win32
		{BBA9FB93-BBA5-4C07-A74B-3E9F99E92241}.Debug|Win32.Build.0 = Debug|Win32
		{BBA9FB93-BBA5-4C07-A74B-3E9F99E92241}.Release|Win32.ActiveCfg = Release|Win32
		{BBA9FB93-BBA5-4C07-A74B-3E9F99E92241}.Release|Win32.Build.0 = Release|Win32
	EndGlobalSection
	GlobalSection(SolutionProperties) = preSolution
		HideSolutionNode = FALSE
	EndGlobalSection
EndGlobal
